
Microsoft Visual Studio Solution File, Format Version 12.00
# Visual Studio Version 16
VisualStudioVersion = 16.0.30128.74
MinimumVisualStudioVersion = 10.0.40219.1
Project("{FAE04EC0-301F-11D3-BF4B-00C04F79EFBC}") = "MessageProcessor", "MessageProcessor\MessageProcessor.csproj", "{BC109EFB-8A8D-434C-9792-C84B1B1C6B28}"
EndProject
Project("{FAE04EC0-301F-11D3-BF4B-00C04F79EFBC}") = "MessagingDataProvider", "MessagingDataProvider\MessagingDataProvider.csproj", "{60726D77-B057-4804-941C-7C5337A5EE3A}"
EndProject
Project("{FAE04EC0-301F-11D3-BF4B-00C04F79EFBC}") = "MessageDataProvider.Unit.Tests", "MessageDataProvider.Unit.Tests\MessageDataProvider.Unit.Tests.csproj", "{2B4352CD-F662-4EAE-BFA6-5F452CB854F3}"
EndProject
Global
	GlobalSection(SolutionConfigurationPlatforms) = preSolution
		Debug|Any CPU = Debug|Any CPU
		Release|Any CPU = Release|Any CPU
	EndGlobalSection
	GlobalSection(ProjectConfigurationPlatforms) = postSolution
		{BC109EFB-8A8D-434C-9792-C84B1B1C6B28}.Debug|Any CPU.ActiveCfg = Debug|Any CPU
		{BC109EFB-8A8D-434C-9792-C84B1B1C6B28}.Debug|Any CPU.Build.0 = Debug|Any CPU
		{BC109EFB-8A8D-434C-9792-C84B1B1C6B28}.Release|Any CPU.ActiveCfg = Release|Any CPU
		{BC109EFB-8A8D-434C-9792-C84B1B1C6B28}.Release|Any CPU.Build.0 = Release|Any CPU
		{60726D77-B057-4804-941C-7C5337A5EE3A}.Debug|Any CPU.ActiveCfg = Debug|Any CPU
		{60726D77-B057-4804-941C-7C5337A5EE3A}.Debug|Any CPU.Build.0 = Debug|Any CPU
		{60726D77-B057-4804-941C-7C5337A5EE3A}.Release|Any CPU.ActiveCfg = Release|Any CPU
		{60726D77-B057-4804-941C-7C5337A5EE3A}.Release|Any CPU.Build.0 = Release|Any CPU
		{2B4352CD-F662-4EAE-BFA6-5F452CB854F3}.Debug|Any CPU.ActiveCfg = Debug|Any CPU
		{2B4352CD-F662-4EAE-BFA6-5F452CB854F3}.Debug|Any CPU.Build.0 = Debug|Any CPU
		{2B4352CD-F662-4EAE-BFA6-5F452CB854F3}.Release|Any CPU.ActiveCfg = Release|Any CPU
		{2B4352CD-F662-4EAE-BFA6-5F452CB854F3}.Release|Any CPU.Build.0 = Release|Any CPU
	EndGlobalSection
	GlobalSection(SolutionProperties) = preSolution
		HideSolutionNode = FALSE
	EndGlobalSection
	GlobalSection(ExtensibilityGlobals) = postSolution
		SolutionGuid = {B6AE2AE3-8F4D-42A8-ACCF-45FE8582F8BE}
	EndGlobalSection
EndGlobal
